
Microsoft Visual Studio Solution File, Format Version 12.00
# Visual Studio Version 17
VisualStudioVersion = 17.0.31903.59
MinimumVisualStudioVersion = 10.0.40219.1
Project("{2150E333-8FDC-42A3-9474-1A3956D46DE8}") = "src", "src", "{937959C2-88DB-4EE7-A375-7E2D92191782}"
EndProject
Project("{FAE04EC0-301F-11D3-BF4B-00C04F79EFBC}") = "AuctionService", "src\AuctionService\AuctionService.csproj", "{E08A5B71-75E9-4645-BFC5-E916EC5DF141}"
EndProject
Project("{FAE04EC0-301F-11D3-BF4B-00C04F79EFBC}") = "SearchService", "src\SearchService\SearchService.csproj", "{32FE3299-9D4A-4631-975D-31424D626E05}"
EndProject
Project("{FAE04EC0-301F-11D3-BF4B-00C04F79EFBC}") = "Contracts", "src\Contracts\Contracts.csproj", "{D3FE750F-FF81-4AEA-99E1-E41C76189EBD}"
EndProject
Project("{FAE04EC0-301F-11D3-BF4B-00C04F79EFBC}") = "IdentityService", "src\IdentityService\IdentityService.csproj", "{748C2AB3-EBF8-4079-BA35-828820C22F55}"
EndProject
Project("{FAE04EC0-301F-11D3-BF4B-00C04F79EFBC}") = "GatewayService", "src\GatewayService\GatewayService.csproj", "{A1B63727-1B4A-4799-8FA6-63106FCA289B}"
EndProject
Project("{FAE04EC0-301F-11D3-BF4B-00C04F79EFBC}") = "BiddingService", "src\BiddingService\BiddingService.csproj", "{9DD5ACBB-AB8B-48C9-A9CB-AE7B1E8C82C7}"
EndProject
Project("{FAE04EC0-301F-11D3-BF4B-00C04F79EFBC}") = "NotificationService", "src\NotificationService\NotificationService.csproj", "{74234D4A-B522-48CD-B84C-7CC27F2C11FB}"
EndProject
Project("{2150E333-8FDC-42A3-9474-1A3956D46DE8}") = "tests", "tests", "{EBAE45A0-F3E4-4387-91F1-90F22591134D}"
EndProject
Project("{FAE04EC0-301F-11D3-BF4B-00C04F79EFBC}") = "AuctionService.UnitTests", "tests\AuctionService.UnitTests\AuctionService.UnitTests.csproj", "{74654257-CAD8-4BE3-BCB9-32F7B03F894D}"
EndProject
Project("{FAE04EC0-301F-11D3-BF4B-00C04F79EFBC}") = "AuctionService.IntegrationTests", "tests\AuctionService.IntegrationTests\AuctionService.IntegrationTests.csproj", "{042E786B-84B3-4A51-B6B4-1111E85EF6AF}"
EndProject
Global
	GlobalSection(SolutionConfigurationPlatforms) = preSolution
		Debug|Any CPU = Debug|Any CPU
		Release|Any CPU = Release|Any CPU
	EndGlobalSection
	GlobalSection(SolutionProperties) = preSolution
		HideSolutionNode = FALSE
	EndGlobalSection
	GlobalSection(ProjectConfigurationPlatforms) = postSolution
		{E08A5B71-75E9-4645-BFC5-E916EC5DF141}.Debug|Any CPU.ActiveCfg = Debug|Any CPU
		{E08A5B71-75E9-4645-BFC5-E916EC5DF141}.Debug|Any CPU.Build.0 = Debug|Any CPU
		{E08A5B71-75E9-4645-BFC5-E916EC5DF141}.Release|Any CPU.ActiveCfg = Release|Any CPU
		{E08A5B71-75E9-4645-BFC5-E916EC5DF141}.Release|Any CPU.Build.0 = Release|Any CPU
		{32FE3299-9D4A-4631-975D-31424D626E05}.Debug|Any CPU.ActiveCfg = Debug|Any CPU
		{32FE3299-9D4A-4631-975D-31424D626E05}.Debug|Any CPU.Build.0 = Debug|Any CPU
		{32FE3299-9D4A-4631-975D-31424D626E05}.Release|Any CPU.ActiveCfg = Release|Any CPU
		{32FE3299-9D4A-4631-975D-31424D626E05}.Release|Any CPU.Build.0 = Release|Any CPU
		{D3FE750F-FF81-4AEA-99E1-E41C76189EBD}.Debug|Any CPU.ActiveCfg = Debug|Any CPU
		{D3FE750F-FF81-4AEA-99E1-E41C76189EBD}.Debug|Any CPU.Build.0 = Debug|Any CPU
		{D3FE750F-FF81-4AEA-99E1-E41C76189EBD}.Release|Any CPU.ActiveCfg = Release|Any CPU
		{D3FE750F-FF81-4AEA-99E1-E41C76189EBD}.Release|Any CPU.Build.0 = Release|Any CPU
		{748C2AB3-EBF8-4079-BA35-828820C22F55}.Debug|Any CPU.ActiveCfg = Debug|Any CPU
		{748C2AB3-EBF8-4079-BA35-828820C22F55}.Debug|Any CPU.Build.0 = Debug|Any CPU
		{748C2AB3-EBF8-4079-BA35-828820C22F55}.Release|Any CPU.ActiveCfg = Release|Any CPU
		{748C2AB3-EBF8-4079-BA35-828820C22F55}.Release|Any CPU.Build.0 = Release|Any CPU
		{A1B63727-1B4A-4799-8FA6-63106FCA289B}.Debug|Any CPU.ActiveCfg = Debug|Any CPU
		{A1B63727-1B4A-4799-8FA6-63106FCA289B}.Debug|Any CPU.Build.0 = Debug|Any CPU
		{A1B63727-1B4A-4799-8FA6-63106FCA289B}.Release|Any CPU.ActiveCfg = Release|Any CPU
		{A1B63727-1B4A-4799-8FA6-63106FCA289B}.Release|Any CPU.Build.0 = Release|Any CPU
		{9DD5ACBB-AB8B-48C9-A9CB-AE7B1E8C82C7}.Debug|Any CPU.ActiveCfg = Debug|Any CPU
		{9DD5ACBB-AB8B-48C9-A9CB-AE7B1E8C82C7}.Debug|Any CPU.Build.0 = Debug|Any CPU
		{9DD5ACBB-AB8B-48C9-A9CB-AE7B1E8C82C7}.Release|Any CPU.ActiveCfg = Release|Any CPU
		{9DD5ACBB-AB8B-48C9-A9CB-AE7B1E8C82C7}.Release|Any CPU.Build.0 = Release|Any CPU
		{74234D4A-B522-48CD-B84C-7CC27F2C11FB}.Debug|Any CPU.ActiveCfg = Debug|Any CPU
		{74234D4A-B522-48CD-B84C-7CC27F2C11FB}.Debug|Any CPU.Build.0 = Debug|Any CPU
		{74234D4A-B522-48CD-B84C-7CC27F2C11FB}.Release|Any CPU.ActiveCfg = Release|Any CPU
		{74234D4A-B522-48CD-B84C-7CC27F2C11FB}.Release|Any CPU.Build.0 = Release|Any CPU
		{74654257-CAD8-4BE3-BCB9-32F7B03F894D}.Debug|Any CPU.ActiveCfg = Debug|Any CPU
		{74654257-CAD8-4BE3-BCB9-32F7B03F894D}.Debug|Any CPU.Build.0 = Debug|Any CPU
		{74654257-CAD8-4BE3-BCB9-32F7B03F894D}.Release|Any CPU.ActiveCfg = Release|Any CPU
		{74654257-CAD8-4BE3-BCB9-32F7B03F894D}.Release|Any CPU.Build.0 = Release|Any CPU
		{042E786B-84B3-4A51-B6B4-1111E85EF6AF}.Debug|Any CPU.ActiveCfg = Debug|Any CPU
		{042E786B-84B3-4A51-B6B4-1111E85EF6AF}.Debug|Any CPU.Build.0 = Debug|Any CPU
		{042E786B-84B3-4A51-B6B4-1111E85EF6AF}.Release|Any CPU.ActiveCfg = Release|Any CPU
		{042E786B-84B3-4A51-B6B4-1111E85EF6AF}.Release|Any CPU.Build.0 = Release|Any CPU
	EndGlobalSection
	GlobalSection(NestedProjects) = preSolution
		{E08A5B71-75E9-4645-BFC5-E916EC5DF141} = {937959C2-88DB-4EE7-A375-7E2D92191782}
		{32FE3299-9D4A-4631-975D-31424D626E05} = {937959C2-88DB-4EE7-A375-7E2D92191782}
		{D3FE750F-FF81-4AEA-99E1-E41C76189EBD} = {937959C2-88DB-4EE7-A375-7E2D92191782}
		{748C2AB3-EBF8-4079-BA35-828820C22F55} = {937959C2-88DB-4EE7-A375-7E2D92191782}
		{A1B63727-1B4A-4799-8FA6-63106FCA289B} = {937959C2-88DB-4EE7-A375-7E2D92191782}
		{9DD5ACBB-AB8B-48C9-A9CB-AE7B1E8C82C7} = {937959C2-88DB-4EE7-A375-7E2D92191782}
		{74234D4A-B522-48CD-B84C-7CC27F2C11FB} = {937959C2-88DB-4EE7-A375-7E2D92191782}
		{74654257-CAD8-4BE3-BCB9-32F7B03F894D} = {EBAE45A0-F3E4-4387-91F1-90F22591134D}
		{042E786B-84B3-4A51-B6B4-1111E85EF6AF} = {EBAE45A0-F3E4-4387-91F1-90F22591134D}
	EndGlobalSection
EndGlobal
